// !$*UTF8*$!
{
	archiveVersion = 1;
	classes = {
	};
	objectVersion = 46;
	objects = {

/* Begin PBXBuildFile section */
		3A308E78196A6DDC0030C75A /* Foundation.framework in Frameworks */ = {isa = PBXBuildFile; fileRef = 3A308E77196A6DDC0030C75A /* Foundation.framework */; };
		3A308E7A196A6DDC0030C75A /* CoreGraphics.framework in Frameworks */ = {isa = PBXBuildFile; fileRef = 3A308E79196A6DDC0030C75A /* CoreGraphics.framework */; };
		3A308E7C196A6DDC0030C75A /* UIKit.framework in Frameworks */ = {isa = PBXBuildFile; fileRef = 3A308E7B196A6DDC0030C75A /* UIKit.framework */; };
		3A308E82196A6DDC0030C75A /* InfoPlist.strings in Resources */ = {isa = PBXBuildFile; fileRef = 3A308E80196A6DDC0030C75A /* InfoPlist.strings */; };
		3A308E84196A6DDC0030C75A /* main.m in Sources */ = {isa = PBXBuildFile; fileRef = 3A308E83196A6DDC0030C75A /* main.m */; };
		3A308E88196A6DDC0030C75A /* RWAppDelegate.m in Sources */ = {isa = PBXBuildFile; fileRef = 3A308E87196A6DDC0030C75A /* RWAppDelegate.m */; };
		3A308E8A196A6DDC0030C75A /* Images.xcassets in Resources */ = {isa = PBXBuildFile; fileRef = 3A308E89196A6DDC0030C75A /* Images.xcassets */; };
		3A308E91196A6DDC0030C75A /* XCTest.framework in Frameworks */ = {isa = PBXBuildFile; fileRef = 3A308E90196A6DDC0030C75A /* XCTest.framework */; };
		3A308E92196A6DDC0030C75A /* Foundation.framework in Frameworks */ = {isa = PBXBuildFile; fileRef = 3A308E77196A6DDC0030C75A /* Foundation.framework */; };
		3A308E93196A6DDC0030C75A /* UIKit.framework in Frameworks */ = {isa = PBXBuildFile; fileRef = 3A308E7B196A6DDC0030C75A /* UIKit.framework */; };
		3A308E9B196A6DDC0030C75A /* InfoPlist.strings in Resources */ = {isa = PBXBuildFile; fileRef = 3A308E99196A6DDC0030C75A /* InfoPlist.strings */; };
		3A308E9D196A6DDC0030C75A /* RWBlurPopoverDemoTests.m in Sources */ = {isa = PBXBuildFile; fileRef = 3A308E9C196A6DDC0030C75A /* RWBlurPopoverDemoTests.m */; };
		3A308EAC196A75850030C75A /* RWBlurPopover.m in Sources */ = {isa = PBXBuildFile; fileRef = 3A308EAB196A75850030C75A /* RWBlurPopover.m */; };
		3A308EBD196A8B7E0030C75A /* pic.jpg in Resources */ = {isa = PBXBuildFile; fileRef = 3A308EBC196A8B7E0030C75A /* pic.jpg */; };
		3A308EC0196A8BA70030C75A /* RWDemoMainViewController.m in Sources */ = {isa = PBXBuildFile; fileRef = 3A308EBF196A8BA70030C75A /* RWDemoMainViewController.m */; };
		3A308EC4196A8D480030C75A /* RWTestViewController.m in Sources */ = {isa = PBXBuildFile; fileRef = 3A308EC2196A8D480030C75A /* RWTestViewController.m */; };
		3A36C6CF1B560B6B00AEBADD /* Storyboard.storyboard in Resources */ = {isa = PBXBuildFile; fileRef = 3A36C6CE1B560B6B00AEBADD /* Storyboard.storyboard */; };
		3A36C6D11B560F5600AEBADD /* LaunchScreen.storyboard in Resources */ = {isa = PBXBuildFile; fileRef = 3A36C6D01B560F5600AEBADD /* LaunchScreen.storyboard */; };
		3A9307F119EF86D100F089BA /* RWBlurPopoverView.m in Sources */ = {isa = PBXBuildFile; fileRef = 3A9307F019EF86D100F089BA /* RWBlurPopoverView.m */; };
/* End PBXBuildFile section */

/* Begin PBXContainerItemProxy section */
		3A308E94196A6DDC0030C75A /* PBXContainerItemProxy */ = {
			isa = PBXContainerItemProxy;
			containerPortal = 3A308E6C196A6DDC0030C75A /* Project object */;
			proxyType = 1;
			remoteGlobalIDString = 3A308E73196A6DDC0030C75A;
			remoteInfo = RWBlurPopoverDemo;
		};
/* End PBXContainerItemProxy section */

/* Begin PBXFileReference section */
		3A308E74196A6DDC0030C75A /* RWBlurPopoverDemo.app */ = {isa = PBXFileReference; explicitFileType = wrapper.application; includeInIndex = 0; path = RWBlurPopoverDemo.app; sourceTree = BUILT_PRODUCTS_DIR; };
		3A308E77196A6DDC0030C75A /* Foundation.framework */ = {isa = PBXFileReference; lastKnownFileType = wrapper.framework; name = Foundation.framework; path = System/Library/Frameworks/Foundation.framework; sourceTree = SDKROOT; };
		3A308E79196A6DDC0030C75A /* CoreGraphics.framework */ = {isa = PBXFileReference; lastKnownFileType = wrapper.framework; name = CoreGraphics.framework; path = System/Library/Frameworks/CoreGraphics.framework; sourceTree = SDKROOT; };
		3A308E7B196A6DDC0030C75A /* UIKit.framework */ = {isa = PBXFileReference; lastKnownFileType = wrapper.framework; name = UIKit.framework; path = System/Library/Frameworks/UIKit.framework; sourceTree = SDKROOT; };
		3A308E7F196A6DDC0030C75A /* RWBlurPopoverDemo-Info.plist */ = {isa = PBXFileReference; lastKnownFileType = text.plist.xml; path = "RWBlurPopoverDemo-Info.plist"; sourceTree = "<group>"; };
		3A308E81196A6DDC0030C75A /* en */ = {isa = PBXFileReference; lastKnownFileType = text.plist.strings; name = en; path = en.lproj/InfoPlist.strings; sourceTree = "<group>"; };
		3A308E83196A6DDC0030C75A /* main.m */ = {isa = PBXFileReference; lastKnownFileType = sourcecode.c.objc; path = main.m; sourceTree = "<group>"; };
		3A308E85196A6DDC0030C75A /* RWBlurPopoverDemo-Prefix.pch */ = {isa = PBXFileReference; lastKnownFileType = sourcecode.c.h; path = "RWBlurPopoverDemo-Prefix.pch"; sourceTree = "<group>"; };
		3A308E86196A6DDC0030C75A /* RWAppDelegate.h */ = {isa = PBXFileReference; lastKnownFileType = sourcecode.c.h; path = RWAppDelegate.h; sourceTree = "<group>"; };
		3A308E87196A6DDC0030C75A /* RWAppDelegate.m */ = {isa = PBXFileReference; lastKnownFileType = sourcecode.c.objc; path = RWAppDelegate.m; sourceTree = "<group>"; };
		3A308E89196A6DDC0030C75A /* Images.xcassets */ = {isa = PBXFileReference; lastKnownFileType = folder.assetcatalog; path = Images.xcassets; sourceTree = "<group>"; };
		3A308E8F196A6DDC0030C75A /* RWBlurPopoverDemoTests.xctest */ = {isa = PBXFileReference; explicitFileType = wrapper.cfbundle; includeInIndex = 0; path = RWBlurPopoverDemoTests.xctest; sourceTree = BUILT_PRODUCTS_DIR; };
		3A308E90196A6DDC0030C75A /* XCTest.framework */ = {isa = PBXFileReference; lastKnownFileType = wrapper.framework; name = XCTest.framework; path = Library/Frameworks/XCTest.framework; sourceTree = DEVELOPER_DIR; };
		3A308E98196A6DDC0030C75A /* RWBlurPopoverDemoTests-Info.plist */ = {isa = PBXFileReference; lastKnownFileType = text.plist.xml; path = "RWBlurPopoverDemoTests-Info.plist"; sourceTree = "<group>"; };
		3A308E9A196A6DDC0030C75A /* en */ = {isa = PBXFileReference; lastKnownFileType = text.plist.strings; name = en; path = en.lproj/InfoPlist.strings; sourceTree = "<group>"; };
		3A308E9C196A6DDC0030C75A /* RWBlurPopoverDemoTests.m */ = {isa = PBXFileReference; lastKnownFileType = sourcecode.c.objc; path = RWBlurPopoverDemoTests.m; sourceTree = "<group>"; };
		3A308EAA196A75850030C75A /* RWBlurPopover.h */ = {isa = PBXFileReference; fileEncoding = 4; lastKnownFileType = sourcecode.c.h; path = RWBlurPopover.h; sourceTree = "<group>"; };
		3A308EAB196A75850030C75A /* RWBlurPopover.m */ = {isa = PBXFileReference; fileEncoding = 4; lastKnownFileType = sourcecode.c.objc; path = RWBlurPopover.m; sourceTree = "<group>"; };
		3A308EBC196A8B7E0030C75A /* pic.jpg */ = {isa = PBXFileReference; lastKnownFileType = image.jpeg; path = pic.jpg; sourceTree = "<group>"; };
		3A308EBE196A8BA70030C75A /* RWDemoMainViewController.h */ = {isa = PBXFileReference; fileEncoding = 4; lastKnownFileType = sourcecode.c.h; path = RWDemoMainViewController.h; sourceTree = "<group>"; };
		3A308EBF196A8BA70030C75A /* RWDemoMainViewController.m */ = {isa = PBXFileReference; fileEncoding = 4; lastKnownFileType = sourcecode.c.objc; path = RWDemoMainViewController.m; sourceTree = "<group>"; };
		3A308EC1196A8D480030C75A /* RWTestViewController.h */ = {isa = PBXFileReference; fileEncoding = 4; lastKnownFileType = sourcecode.c.h; path = RWTestViewController.h; sourceTree = "<group>"; };
		3A308EC2196A8D480030C75A /* RWTestViewController.m */ = {isa = PBXFileReference; fileEncoding = 4; lastKnownFileType = sourcecode.c.objc; path = RWTestViewController.m; sourceTree = "<group>"; };
		3A36C6CE1B560B6B00AEBADD /* Storyboard.storyboard */ = {isa = PBXFileReference; fileEncoding = 4; lastKnownFileType = file.storyboard; path = Storyboard.storyboard; sourceTree = "<group>"; };
		3A36C6D01B560F5600AEBADD /* LaunchScreen.storyboard */ = {isa = PBXFileReference; fileEncoding = 4; lastKnownFileType = file.storyboard; path = LaunchScreen.storyboard; sourceTree = "<group>"; };
		3A9307EF19EF86D100F089BA /* RWBlurPopoverView.h */ = {isa = PBXFileReference; fileEncoding = 4; lastKnownFileType = sourcecode.c.h; path = RWBlurPopoverView.h; sourceTree = "<group>"; };
		3A9307F019EF86D100F089BA /* RWBlurPopoverView.m */ = {isa = PBXFileReference; fileEncoding = 4; lastKnownFileType = sourcecode.c.objc; path = RWBlurPopoverView.m; sourceTree = "<group>"; };
/* End PBXFileReference section */

/* Begin PBXFrameworksBuildPhase section */
		3A308E71196A6DDC0030C75A /* Frameworks */ = {
			isa = PBXFrameworksBuildPhase;
			buildActionMask = 2147483647;
			files = (
				3A308E7A196A6DDC0030C75A /* CoreGraphics.framework in Frameworks */,
				3A308E7C196A6DDC0030C75A /* UIKit.framework in Frameworks */,
				3A308E78196A6DDC0030C75A /* Foundation.framework in Frameworks */,
			);
			runOnlyForDeploymentPostprocessing = 0;
		};
		3A308E8C196A6DDC0030C75A /* Frameworks */ = {
			isa = PBXFrameworksBuildPhase;
			buildActionMask = 2147483647;
			files = (
				3A308E91196A6DDC0030C75A /* XCTest.framework in Frameworks */,
				3A308E93196A6DDC0030C75A /* UIKit.framework in Frameworks */,
				3A308E92196A6DDC0030C75A /* Foundation.framework in Frameworks */,
			);
			runOnlyForDeploymentPostprocessing = 0;
		};
/* End PBXFrameworksBuildPhase section */

/* Begin PBXGroup section */
		3A308E6B196A6DDC0030C75A = {
			isa = PBXGroup;
			children = (
				3A308EBC196A8B7E0030C75A /* pic.jpg */,
				3A308EA6196A6FD60030C75A /* RWBlurPopover */,
				3A308E7D196A6DDC0030C75A /* RWBlurPopoverDemo */,
				3A308E96196A6DDC0030C75A /* RWBlurPopoverDemoTests */,
				3A308E76196A6DDC0030C75A /* Frameworks */,
				3A308E75196A6DDC0030C75A /* Products */,
			);
			sourceTree = "<group>";
		};
		3A308E75196A6DDC0030C75A /* Products */ = {
			isa = PBXGroup;
			children = (
				3A308E74196A6DDC0030C75A /* RWBlurPopoverDemo.app */,
				3A308E8F196A6DDC0030C75A /* RWBlurPopoverDemoTests.xctest */,
			);
			name = Products;
			sourceTree = "<group>";
		};
		3A308E76196A6DDC0030C75A /* Frameworks */ = {
			isa = PBXGroup;
			children = (
				3A308E77196A6DDC0030C75A /* Foundation.framework */,
				3A308E79196A6DDC0030C75A /* CoreGraphics.framework */,
				3A308E7B196A6DDC0030C75A /* UIKit.framework */,
				3A308E90196A6DDC0030C75A /* XCTest.framework */,
			);
			name = Frameworks;
			sourceTree = "<group>";
		};
		3A308E7D196A6DDC0030C75A /* RWBlurPopoverDemo */ = {
			isa = PBXGroup;
			children = (
				3A308E86196A6DDC0030C75A /* RWAppDelegate.h */,
				3A308E87196A6DDC0030C75A /* RWAppDelegate.m */,
				3A308EBE196A8BA70030C75A /* RWDemoMainViewController.h */,
				3A308EBF196A8BA70030C75A /* RWDemoMainViewController.m */,
				3A308EC1196A8D480030C75A /* RWTestViewController.h */,
				3A308EC2196A8D480030C75A /* RWTestViewController.m */,
				3A36C6CE1B560B6B00AEBADD /* Storyboard.storyboard */,
				3A36C6D01B560F5600AEBADD /* LaunchScreen.storyboard */,
				3A308E89196A6DDC0030C75A /* Images.xcassets */,
				3A308E7E196A6DDC0030C75A /* Supporting Files */,
			);
			path = RWBlurPopoverDemo;
			sourceTree = "<group>";
		};
		3A308E7E196A6DDC0030C75A /* Supporting Files */ = {
			isa = PBXGroup;
			children = (
				3A308E7F196A6DDC0030C75A /* RWBlurPopoverDemo-Info.plist */,
				3A308E80196A6DDC0030C75A /* InfoPlist.strings */,
				3A308E83196A6DDC0030C75A /* main.m */,
				3A308E85196A6DDC0030C75A /* RWBlurPopoverDemo-Prefix.pch */,
			);
			name = "Supporting Files";
			sourceTree = "<group>";
		};
		3A308E96196A6DDC0030C75A /* RWBlurPopoverDemoTests */ = {
			isa = PBXGroup;
			children = (
				3A308E9C196A6DDC0030C75A /* RWBlurPopoverDemoTests.m */,
				3A308E97196A6DDC0030C75A /* Supporting Files */,
			);
			path = RWBlurPopoverDemoTests;
			sourceTree = "<group>";
		};
		3A308E97196A6DDC0030C75A /* Supporting Files */ = {
			isa = PBXGroup;
			children = (
				3A308E98196A6DDC0030C75A /* RWBlurPopoverDemoTests-Info.plist */,
				3A308E99196A6DDC0030C75A /* InfoPlist.strings */,
			);
			name = "Supporting Files";
			sourceTree = "<group>";
		};
		3A308EA6196A6FD60030C75A /* RWBlurPopover */ = {
			isa = PBXGroup;
			children = (
				3A308EAA196A75850030C75A /* RWBlurPopover.h */,
				3A308EAB196A75850030C75A /* RWBlurPopover.m */,
				3A9307EF19EF86D100F089BA /* RWBlurPopoverView.h */,
				3A9307F019EF86D100F089BA /* RWBlurPopoverView.m */,
			);
			name = RWBlurPopover;
			path = ../RWBlurPopover;
			sourceTree = "<group>";
		};
/* End PBXGroup section */

/* Begin PBXNativeTarget section */
		3A308E73196A6DDC0030C75A /* RWBlurPopoverDemo */ = {
			isa = PBXNativeTarget;
			buildConfigurationList = 3A308EA0196A6DDC0030C75A /* Build configuration list for PBXNativeTarget "RWBlurPopoverDemo" */;
			buildPhases = (
				3A308E70196A6DDC0030C75A /* Sources */,
				3A308E71196A6DDC0030C75A /* Frameworks */,
				3A308E72196A6DDC0030C75A /* Resources */,
			);
			buildRules = (
			);
			dependencies = (
			);
			name = RWBlurPopoverDemo;
			productName = RWBlurPopoverDemo;
			productReference = 3A308E74196A6DDC0030C75A /* RWBlurPopoverDemo.app */;
			productType = "com.apple.product-type.application";
		};
		3A308E8E196A6DDC0030C75A /* RWBlurPopoverDemoTests */ = {
			isa = PBXNativeTarget;
			buildConfigurationList = 3A308EA3196A6DDC0030C75A /* Build configuration list for PBXNativeTarget "RWBlurPopoverDemoTests" */;
			buildPhases = (
				3A308E8B196A6DDC0030C75A /* Sources */,
				3A308E8C196A6DDC0030C75A /* Frameworks */,
				3A308E8D196A6DDC0030C75A /* Resources */,
			);
			buildRules = (
			);
			dependencies = (
				3A308E95196A6DDC0030C75A /* PBXTargetDependency */,
			);
			name = RWBlurPopoverDemoTests;
			productName = RWBlurPopoverDemoTests;
			productReference = 3A308E8F196A6DDC0030C75A /* RWBlurPopoverDemoTests.xctest */;
			productType = "com.apple.product-type.bundle.unit-test";
		};
/* End PBXNativeTarget section */

/* Begin PBXProject section */
		3A308E6C196A6DDC0030C75A /* Project object */ = {
			isa = PBXProject;
			attributes = {
				CLASSPREFIX = RW;
				LastUpgradeCheck = 0510;
				ORGANIZATIONNAME = "Zhang Bin";
				TargetAttributes = {
					3A308E8E196A6DDC0030C75A = {
						TestTargetID = 3A308E73196A6DDC0030C75A;
					};
				};
			};
			buildConfigurationList = 3A308E6F196A6DDC0030C75A /* Build configuration list for PBXProject "RWBlurPopoverDemo" */;
			compatibilityVersion = "Xcode 3.2";
			developmentRegion = English;
			hasScannedForEncodings = 0;
			knownRegions = (
				en,
			);
			mainGroup = 3A308E6B196A6DDC0030C75A;
			productRefGroup = 3A308E75196A6DDC0030C75A /* Products */;
			projectDirPath = "";
			projectRoot = "";
			targets = (
				3A308E73196A6DDC0030C75A /* RWBlurPopoverDemo */,
				3A308E8E196A6DDC0030C75A /* RWBlurPopoverDemoTests */,
			);
		};
/* End PBXProject section */

/* Begin PBXResourcesBuildPhase section */
		3A308E72196A6DDC0030C75A /* Resources */ = {
			isa = PBXResourcesBuildPhase;
			buildActionMask = 2147483647;
			files = (
				3A308EBD196A8B7E0030C75A /* pic.jpg in Resources */,
				3A308E82196A6DDC0030C75A /* InfoPlist.strings in Resources */,
				3A308E8A196A6DDC0030C75A /* Images.xcassets in Resources */,
				3A36C6D11B560F5600AEBADD /* LaunchScreen.storyboard in Resources */,
				3A36C6CF1B560B6B00AEBADD /* Storyboard.storyboard in Resources */,
			);
			runOnlyForDeploymentPostprocessing = 0;
		};
		3A308E8D196A6DDC0030C75A /* Resources */ = {
			isa = PBXResourcesBuildPhase;
			buildActionMask = 2147483647;
			files = (
				3A308E9B196A6DDC0030C75A /* InfoPlist.strings in Resources */,
			);
			runOnlyForDeploymentPostprocessing = 0;
		};
/* End PBXResourcesBuildPhase section */

/* Begin PBXSourcesBuildPhase section */
		3A308E70196A6DDC0030C75A /* Sources */ = {
			isa = PBXSourcesBuildPhase;
			buildActionMask = 2147483647;
			files = (
				3A9307F119EF86D100F089BA /* RWBlurPopoverView.m in Sources */,
				3A308EC4196A8D480030C75A /* RWTestViewController.m in Sources */,
				3A308E84196A6DDC0030C75A /* main.m in Sources */,
				3A308E88196A6DDC0030C75A /* RWAppDelegate.m in Sources */,
				3A308EAC196A75850030C75A /* RWBlurPopover.m in Sources */,
				3A308EC0196A8BA70030C75A /* RWDemoMainViewController.m in Sources */,
			);
			runOnlyForDeploymentPostprocessing = 0;
		};
		3A308E8B196A6DDC0030C75A /* Sources */ = {
			isa = PBXSourcesBuildPhase;
			buildActionMask = 2147483647;
			files = (
				3A308E9D196A6DDC0030C75A /* RWBlurPopoverDemoTests.m in Sources */,
			);
			runOnlyForDeploymentPostprocessing = 0;
		};
/* End PBXSourcesBuildPhase section */

/* Begin PBXTargetDependency section */
		3A308E95196A6DDC0030C75A /* PBXTargetDependency */ = {
			isa = PBXTargetDependency;
			target = 3A308E73196A6DDC0030C75A /* RWBlurPopoverDemo */;
			targetProxy = 3A308E94196A6DDC0030C75A /* PBXContainerItemProxy */;
		};
/* End PBXTargetDependency section */

/* Begin PBXVariantGroup section */
		3A308E80196A6DDC0030C75A /* InfoPlist.strings */ = {
			isa = PBXVariantGroup;
			children = (
				3A308E81196A6DDC0030C75A /* en */,
			);
			name = InfoPlist.strings;
			sourceTree = "<group>";
		};
		3A308E99196A6DDC0030C75A /* InfoPlist.strings */ = {
			isa = PBXVariantGroup;
			children = (
				3A308E9A196A6DDC0030C75A /* en */,
			);
			name = InfoPlist.strings;
			sourceTree = "<group>";
		};
/* End PBXVariantGroup section */

/* Begin XCBuildConfiguration section */
		3A308E9E196A6DDC0030C75A /* Debug */ = {
			isa = XCBuildConfiguration;
			buildSettings = {
				ALWAYS_SEARCH_USER_PATHS = NO;
				CLANG_CXX_LANGUAGE_STANDARD = "gnu++0x";
				CLANG_CXX_LIBRARY = "libc++";
				CLANG_ENABLE_MODULES = YES;
				CLANG_ENABLE_OBJC_ARC = YES;
				CLANG_WARN_BOOL_CONVERSION = YES;
				CLANG_WARN_CONSTANT_CONVERSION = YES;
				CLANG_WARN_DIRECT_OBJC_ISA_USAGE = YES_ERROR;
				CLANG_WARN_EMPTY_BODY = YES;
				CLANG_WARN_ENUM_CONVERSION = YES;
				CLANG_WARN_INT_CONVERSION = YES;
				CLANG_WARN_OBJC_ROOT_CLASS = YES_ERROR;
				CLANG_WARN__DUPLICATE_METHOD_MATCH = YES;
				"CODE_SIGN_IDENTITY[sdk=iphoneos*]" = "iPhone Developer";
				COPY_PHASE_STRIP = NO;
				GCC_C_LANGUAGE_STANDARD = gnu99;
				GCC_DYNAMIC_NO_PIC = NO;
				GCC_OPTIMIZATION_LEVEL = 0;
				GCC_PREPROCESSOR_DEFINITIONS = (
					"DEBUG=1",
					"$(inherited)",
				);
				GCC_SYMBOLS_PRIVATE_EXTERN = NO;
				GCC_WARN_64_TO_32_BIT_CONVERSION = YES;
				GCC_WARN_ABOUT_RETURN_TYPE = YES_ERROR;
				GCC_WARN_UNDECLARED_SELECTOR = YES;
				GCC_WARN_UNINITIALIZED_AUTOS = YES_AGGRESSIVE;
				GCC_WARN_UNUSED_FUNCTION = YES;
				GCC_WARN_UNUSED_VARIABLE = YES;
				IPHONEOS_DEPLOYMENT_TARGET = 7.1;
				ONLY_ACTIVE_ARCH = YES;
				SDKROOT = iphoneos;
				TARGETED_DEVICE_FAMILY = "1,2";
			};
			name = Debug;
		};
		3A308E9F196A6DDC0030C75A /* Release */ = {
			isa = XCBuildConfiguration;
			buildSettings = {
				ALWAYS_SEARCH_USER_PATHS = NO;
				CLANG_CXX_LANGUAGE_STANDARD = "gnu++0x";
				CLANG_CXX_LIBRARY = "libc++";
				CLANG_ENABLE_MODULES = YES;
				CLANG_ENABLE_OBJC_ARC = YES;
				CLANG_WARN_BOOL_CONVERSION = YES;
				CLANG_WARN_CONSTANT_CONVERSION = YES;
				CLANG_WARN_DIRECT_OBJC_ISA_USAGE = YES_ERROR;
				CLANG_WARN_EMPTY_BODY = YES;
				CLANG_WARN_ENUM_CONVERSION = YES;
				CLANG_WARN_INT_CONVERSION = YES;
				CLANG_WARN_OBJC_ROOT_CLASS = YES_ERROR;
				CLANG_WARN__DUPLICATE_METHOD_MATCH = YES;
				"CODE_SIGN_IDENTITY[sdk=iphoneos*]" = "iPhone Developer";
				COPY_PHASE_STRIP = YES;
				ENABLE_NS_ASSERTIONS = NO;
				GCC_C_LANGUAGE_STANDARD = gnu99;
				GCC_WARN_64_TO_32_BIT_CONVERSION = YES;
				GCC_WARN_ABOUT_RETURN_TYPE = YES_ERROR;
				GCC_WARN_UNDECLARED_SELECTOR = YES;
				GCC_WARN_UNINITIALIZED_AUTOS = YES_AGGRESSIVE;
				GCC_WARN_UNUSED_FUNCTION = YES;
				GCC_WARN_UNUSED_VARIABLE = YES;
				IPHONEOS_DEPLOYMENT_TARGET = 7.1;
				SDKROOT = iphoneos;
				TARGETED_DEVICE_FAMILY = "1,2";
				VALIDATE_PRODUCT = YES;
			};
			name = Release;
		};
		3A308EA1196A6DDC0030C75A /* Debug */ = {
			isa = XCBuildConfiguration;
			buildSettings = {
				ASSETCATALOG_COMPILER_APPICON_NAME = AppIcon;
				ASSETCATALOG_COMPILER_LAUNCHIMAGE_NAME = LaunchImage;
				CODE_SIGN_IDENTITY = "iPhone Developer";
				GCC_PRECOMPILE_PREFIX_HEADER = YES;
				GCC_PREFIX_HEADER = "RWBlurPopoverDemo/RWBlurPopoverDemo-Prefix.pch";
				INFOPLIST_FILE = "RWBlurPopoverDemo/RWBlurPopoverDemo-Info.plist";
				PRODUCT_NAME = "$(TARGET_NAME)";
				PROVISIONING_PROFILE = "";
				WRAPPER_EXTENSION = app;
			};
			name = Debug;
		};
		3A308EA2196A6DDC0030C75A /* Release */ = {
			isa = XCBuildConfiguration;
			buildSettings = {
				ASSETCATALOG_COMPILER_APPICON_NAME = AppIcon;
				ASSETCATALOG_COMPILER_LAUNCHIMAGE_NAME = LaunchImage;
				CODE_SIGN_IDENTITY = "iPhone Developer";
				GCC_PRECOMPILE_PREFIX_HEADER = YES;
				GCC_PREFIX_HEADER = "RWBlurPopoverDemo/RWBlurPopoverDemo-Prefix.pch";
				INFOPLIST_FILE = "RWBlurPopoverDemo/RWBlurPopoverDemo-Info.plist";
				PRODUCT_NAME = "$(TARGET_NAME)";
				PROVISIONING_PROFILE = "";
				WRAPPER_EXTENSION = app;
			};
			name = Release;
		};
		3A308EA4196A6DDC0030C75A /* Debug */ = {
			isa = XCBuildConfiguration;
			buildSettings = {
				BUNDLE_LOADER = "$(BUILT_PRODUCTS_DIR)/RWBlurPopoverDemo.app/RWBlurPopoverDemo";
				FRAMEWORK_SEARCH_PATHS = (
					"$(SDKROOT)/Developer/Library/Frameworks",
					"$(inherited)",
					"$(DEVELOPER_FRAMEWORKS_DIR)",
				);
				GCC_PRECOMPILE_PREFIX_HEADER = YES;
				GCC_PREFIX_HEADER = "RWBlurPopoverDemo/RWBlurPopoverDemo-Prefix.pch";
				GCC_PREPROCESSOR_DEFINITIONS = (
					"DEBUG=1",
					"$(inherited)",
				);
				INFOPLIST_FILE = "RWBlurPopoverDemoTests/RWBlurPopoverDemoTests-Info.plist";
				PRODUCT_NAME = "$(TARGET_NAME)";
				TEST_HOST = "$(BUNDLE_LOADER)";
				WRAPPER_EXTENSION = xctest;
			};
			name = Debug;
		};
		3A308EA5196A6DDC0030C75A /* Release */ = {
			isa = XCBuildConfiguration;
			buildSettings = {
				BUNDLE_LOADER = "$(BUILT_PRODUCTS_DIR)/RWBlurPopoverDemo.app/RWBlurPopoverDemo";
				FRAMEWORK_SEARCH_PATHS = (
					"$(SDKROOT)/Developer/Library/Frameworks",
					"$(inherited)",
					"$(DEVELOPER_FRAMEWORKS_DIR)",
				);
				GCC_PRECOMPILE_PREFIX_HEADER = YES;
				GCC_PREFIX_HEADER = "RWBlurPopoverDemo/RWBlurPopoverDemo-Prefix.pch";
				INFOPLIST_FILE = "RWBlurPopoverDemoTests/RWBlurPopoverDemoTests-Info.plist";
				PRODUCT_NAME = "$(TARGET_NAME)";
				TEST_HOST = "$(BUNDLE_LOADER)";
				WRAPPER_EXTENSION = xctest;
			};
			name = Release;
		};
/* End XCBuildConfiguration section */

/* Begin XCConfigurationList section */
		3A308E6F196A6DDC0030C75A /* Build configuration list for PBXProject "RWBlurPopoverDemo" */ = {
			isa = XCConfigurationList;
			buildConfigurations = (
				3A308E9E196A6DDC0030C75A /* Debug */,
				3A308E9F196A6DDC0030C75A /* Release */,
			);
			defaultConfigurationIsVisible = 0;
			defaultConfigurationName = Release;
		};
		3A308EA0196A6DDC0030C75A /* Build configuration list for PBXNativeTarget "RWBlurPopoverDemo" */ = {
			isa = XCConfigurationList;
			buildConfigurations = (
				3A308EA1196A6DDC0030C75A /* Debug */,
				3A308EA2196A6DDC0030C75A /* Release */,
			);
			defaultConfigurationIsVisible = 0;
			defaultConfigurationName = Release;
		};
		3A308EA3196A6DDC0030C75A /* Build configuration list for PBXNativeTarget "RWBlurPopoverDemoTests" */ = {
			isa = XCConfigurationList;
			buildConfigurations = (
				3A308EA4196A6DDC0030C75A /* Debug */,
				3A308EA5196A6DDC0030C75A /* Release */,
			);
			defaultConfigurationIsVisible = 0;
			defaultConfigurationName = Release;
		};
/* End XCConfigurationList section */
	};
	rootObject = 3A308E6C196A6DDC0030C75A /* Project object */;
}
